# This file was autogenerated by Stack.
# You should not edit this file by hand.
# For more information, please see the documentation at:
#   https://docs.haskellstack.org/en/stable/lock_files

packages:
- completed:
    hackage: gtk3-0.15.3@sha256:876a73ecc39fefbb92caa794d83140f3fff5a810e1c7a61ab4b4dba5ca5a1375,19475
    pantry-tree:
      size: 21251
      sha256: cfe4f19cd5cde09de5fb8b3bf84cad25a78edff234d940c1148b96b6df757a8c
  original:
    hackage: gtk3-0.15.3
- completed:
    hackage: cairo-0.13.8.0@sha256:9b64a376ebaa4f153bba5866a32291fd4bed48147009cce9158ce6533928eba8,4075
    pantry-tree:
      size: 2830
      sha256: 07aeb4b5eaa1d8201f67f4b8011aaf182ceb4e558066e59d482485fc02895994
  original:
    hackage: cairo-0.13.8.0@sha256:9b64a376ebaa4f153bba5866a32291fd4bed48147009cce9158ce6533928eba8,4075
- completed:
    hackage: gio-0.13.6.1@sha256:88871471178082e6aa81199c8cae3b2b3f5dbfd6ad4c83ec48c0779fbee361e8,3100
    pantry-tree:
      size: 2036
      sha256: 2576ba42c06ee3bccc4bdabe7d29fe7c8aa5cfb2d94139d0379c6aa51ce40609
  original:
    hackage: gio-0.13.6.1
- completed:
    hackage: glib-0.13.7.1@sha256:b517bbbc46f8bd72a8c97fb1d6769705a9b0d006f7cff8b3dc85948511817b11,3120
    pantry-tree:
      size: 1625
      sha256: d7218c2ed9890d7b07030601980f62a57d5e888f656db5f32c3017ec7551a0d2
  original:
    hackage: glib-0.13.7.1
- completed:
    hackage: gtk2hs-buildtools-0.13.8.0@sha256:132f38155fc677430a47ea750918973161c876fb6f281d342ac2f07eb99229ce,5238
    pantry-tree:
      size: 3588
      sha256: 4552e3c0f2ef0f16285c38898d7e2b6aeea67d4e37cd203b0c82f70592096c45
  original:
    hackage: gtk2hs-buildtools-0.13.8.0@sha256:132f38155fc677430a47ea750918973161c876fb6f281d342ac2f07eb99229ce,5238
- completed:
    hackage: pango-0.13.6.1@sha256:177c9b6d865dc8f1634742497c6807a7c37a11e86c0dc93fbc047981d546738a,3881
    pantry-tree:
      size: 1506
      sha256: 216bb39cdc265804f6ddd30c00c82ab156c17dcf8577b85527c287a21b4cb9fb
  original:
    hackage: pango-0.13.6.1
snapshots:
- completed:
    size: 523443
    url: https://raw.githubusercontent.com/commercialhaskell/stackage-snapshots/master/lts/14/0.yaml
    sha256: 283773e7120f5446d961eab35ea95c9af9c24187cc178537bd29273200a05171
  original: lts-14.0
